
Microsoft Visual Studio Solution File, Format Version 12.00
# Visual Studio Version 16
VisualStudioVersion = 16.0.29102.190
MinimumVisualStudioVersion = 10.0.40219.1
Project("{FAE04EC0-301F-11D3-BF4B-00C04F79EFBC}") = "MultiTanenetWithMultipleSchema", "MultiTanenetWithMultipleSchema\MultiTanenetWithMultipleSchema.csproj", "{AFE81086-AD71-4D11-AB78-A5612DB57E26}"
EndProject
Global
	GlobalSection(SolutionConfigurationPlatforms) = preSolution
		Debug|Any CPU = Debug|Any CPU
		Release|Any CPU = Release|Any CPU
	EndGlobalSection
	GlobalSection(ProjectConfigurationPlatforms) = postSolution
		{AFE81086-AD71-4D11-AB78-A5612DB57E26}.Debug|Any CPU.ActiveCfg = Debug|Any CPU
		{AFE81086-AD71-4D11-AB78-A5612DB57E26}.Debug|Any CPU.Build.0 = Debug|Any CPU
		{AFE81086-AD71-4D11-AB78-A5612DB57E26}.Release|Any CPU.ActiveCfg = Release|Any CPU
		{AFE81086-AD71-4D11-AB78-A5612DB57E26}.Release|Any CPU.Build.0 = Release|Any CPU
	EndGlobalSection
	GlobalSection(SolutionProperties) = preSolution
		HideSolutionNode = FALSE
	EndGlobalSection
	GlobalSection(ExtensibilityGlobals) = postSolution
		SolutionGuid = {AEC72DE2-F243-45B1-B372-E67349363026}
	EndGlobalSection
EndGlobal
